
Microsoft Visual Studio Solution File, Format Version 12.00
# Visual Studio Version 17
VisualStudioVersion = 17.11.35303.130
MinimumVisualStudioVersion = 10.0.40219.1
Project("{FAE04EC0-301F-11D3-BF4B-00C04F79EFBC}") = "Matrix calculator", "Matrix calculator.csproj", "{4A6D829E-8F93-4B46-BCBF-7EC237353123}"
EndProject
Global
	GlobalSection(SolutionConfigurationPlatforms) = preSolution
		Debug|Any CPU = Debug|Any CPU
		Release|Any CPU = Release|Any CPU
	EndGlobalSection
	GlobalSection(ProjectConfigurationPlatforms) = postSolution
		{4A6D829E-8F93-4B46-BCBF-7EC237353123}.Debug|Any CPU.ActiveCfg = Debug|Any CPU
		{4A6D829E-8F93-4B46-BCBF-7EC237353123}.Debug|Any CPU.Build.0 = Debug|Any CPU
		{4A6D829E-8F93-4B46-BCBF-7EC237353123}.Release|Any CPU.ActiveCfg = Release|Any CPU
		{4A6D829E-8F93-4B46-BCBF-7EC237353123}.Release|Any CPU.Build.0 = Release|Any CPU
	EndGlobalSection
	GlobalSection(SolutionProperties) = preSolution
		HideSolutionNode = FALSE
	EndGlobalSection
	GlobalSection(ExtensibilityGlobals) = postSolution
		SolutionGuid = {14894DE7-7FB1-4B59-B23D-4BB822370821}
	EndGlobalSection
EndGlobal
